
Microsoft Visual Studio Solution File, Format Version 12.00
# Visual Studio Version 16
VisualStudioVersion = 16.0.30523.141
MinimumVisualStudioVersion = 10.0.40219.1
Project("{FAE04EC0-301F-11D3-BF4B-00C04F79EFBC}") = "Лаба 3 (3 сем)", "Лаба 3 (3 сем)\Лаба 3 (3 сем).csproj", "{72688DF4-59C7-48B4-9724-D7BB999A4CC8}"
EndProject
Global
	GlobalSection(SolutionConfigurationPlatforms) = preSolution
		Debug|Any CPU = Debug|Any CPU
		Release|Any CPU = Release|Any CPU
	EndGlobalSection
	GlobalSection(ProjectConfigurationPlatforms) = postSolution
		{72688DF4-59C7-48B4-9724-D7BB999A4CC8}.Debug|Any CPU.ActiveCfg = Debug|Any CPU
		{72688DF4-59C7-48B4-9724-D7BB999A4CC8}.Debug|Any CPU.Build.0 = Debug|Any CPU
		{72688DF4-59C7-48B4-9724-D7BB999A4CC8}.Release|Any CPU.ActiveCfg = Release|Any CPU
		{72688DF4-59C7-48B4-9724-D7BB999A4CC8}.Release|Any CPU.Build.0 = Release|Any CPU
	EndGlobalSection
	GlobalSection(SolutionProperties) = preSolution
		HideSolutionNode = FALSE
	EndGlobalSection
	GlobalSection(ExtensibilityGlobals) = postSolution
		SolutionGuid = {82DBA21D-957D-4240-833F-F26005D49E61}
	EndGlobalSection
EndGlobal
